
Microsoft Visual Studio Solution File, Format Version 12.00
# Visual Studio Version 17
VisualStudioVersion = 17.14.36518.9 d17.14
MinimumVisualStudioVersion = 10.0.40219.1
Project("{FAE04EC0-301F-11D3-BF4B-00C04F79EFBC}") = "MovieExplorer", "MovieExplorer\MovieExplorer.csproj", "{929077D4-3D8C-4AE6-8330-4A96ED765677}"
EndProject
Global
	GlobalSection(SolutionConfigurationPlatforms) = preSolution
		Debug|Any CPU = Debug|Any CPU
		Release|Any CPU = Release|Any CPU
	EndGlobalSection
	GlobalSection(ProjectConfigurationPlatforms) = postSolution
		{929077D4-3D8C-4AE6-8330-4A96ED765677}.Debug|Any CPU.ActiveCfg = Debug|Any CPU
		{929077D4-3D8C-4AE6-8330-4A96ED765677}.Debug|Any CPU.Build.0 = Debug|Any CPU
		{929077D4-3D8C-4AE6-8330-4A96ED765677}.Release|Any CPU.ActiveCfg = Release|Any CPU
		{929077D4-3D8C-4AE6-8330-4A96ED765677}.Release|Any CPU.Build.0 = Release|Any CPU
	EndGlobalSection
	GlobalSection(SolutionProperties) = preSolution
		HideSolutionNode = FALSE
	EndGlobalSection
	GlobalSection(ExtensibilityGlobals) = postSolution
		SolutionGuid = {0FBC55B0-125A-442F-A7F5-F2212FEEB263}
	EndGlobalSection
EndGlobal
